
Microsoft Visual Studio Solution File, Format Version 12.00
# Visual Studio Version 17
VisualStudioVersion = 17.8.34322.80
MinimumVisualStudioVersion = 10.0.40219.1
Project("{9A19103F-16F7-4668-BE54-9A1E7A4F7556}") = "OwlCore.Storage.Ntfs", "src\OwlCore.Storage.Ntfs\OwlCore.Storage.Ntfs.csproj", "{266425EB-8F9A-4F52-BA9F-604BB103EE57}"
EndProject
Project("{9A19103F-16F7-4668-BE54-9A1E7A4F7556}") = "OwlCore.Storage.Ntfs.Tests", "src\OwlCore.Storage.Ntfs.Tests\OwlCore.Storage.Ntfs.Tests.csproj", "{4835DEE9-3068-468D-927B-DE9251298A18}"
EndProject
Global
	GlobalSection(SolutionConfigurationPlatforms) = preSolution
		Debug|Any CPU = Debug|Any CPU
		Release|Any CPU = Release|Any CPU
	EndGlobalSection
	GlobalSection(ProjectConfigurationPlatforms) = postSolution
		{266425EB-8F9A-4F52-BA9F-604BB103EE57}.Debug|Any CPU.ActiveCfg = Debug|Any CPU
		{266425EB-8F9A-4F52-BA9F-604BB103EE57}.Debug|Any CPU.Build.0 = Debug|Any CPU
		{266425EB-8F9A-4F52-BA9F-604BB103EE57}.Release|Any CPU.ActiveCfg = Release|Any CPU
		{266425EB-8F9A-4F52-BA9F-604BB103EE57}.Release|Any CPU.Build.0 = Release|Any CPU
		{4835DEE9-3068-468D-927B-DE9251298A18}.Debug|Any CPU.ActiveCfg = Debug|Any CPU
		{4835DEE9-3068-468D-927B-DE9251298A18}.Debug|Any CPU.Build.0 = Debug|Any CPU
		{4835DEE9-3068-468D-927B-DE9251298A18}.Release|Any CPU.ActiveCfg = Release|Any CPU
		{4835DEE9-3068-468D-927B-DE9251298A18}.Release|Any CPU.Build.0 = Release|Any CPU
	EndGlobalSection
	GlobalSection(SolutionProperties) = preSolution
		HideSolutionNode = FALSE
	EndGlobalSection
	GlobalSection(ExtensibilityGlobals) = postSolution
		SolutionGuid = {71C5DE8B-7731-4045-B57A-CD5061B1F737}
	EndGlobalSection
EndGlobal
